
Microsoft Visual Studio Solution File, Format Version 12.00
# Visual Studio Version 16
VisualStudioVersion = 16.0.31911.196
MinimumVisualStudioVersion = 10.0.40219.1
Project("{9A19103F-16F7-4668-BE54-9A1E7A4F7556}") = "Entities", "Entities\Entities.csproj", "{F692BECF-F748-4EB2-BC0E-0399429DEA4A}"
EndProject
Project("{FAE04EC0-301F-11D3-BF4B-00C04F79EFBC}") = "DataAccess", "DataAccess\DataAccess.csproj", "{33E56E10-5D0E-4276-9328-02CC9173FAC4}"
EndProject
Project("{FAE04EC0-301F-11D3-BF4B-00C04F79EFBC}") = "Business", "Business\Business.csproj", "{8187597F-4486-4436-BCDF-8B1B413CFA5F}"
EndProject
Project("{FAE04EC0-301F-11D3-BF4B-00C04F79EFBC}") = "Core", "Core\Core.csproj", "{AA2C70A1-41C3-4F43-9881-23B0BC6F15F4}"
EndProject
Project("{FAE04EC0-301F-11D3-BF4B-00C04F79EFBC}") = "WebAPI", "WebAPI\WebAPI.csproj", "{3D1B3643-FF4D-4B3F-A64A-1F1C4BF0CC92}"
EndProject
Global
	GlobalSection(SolutionConfigurationPlatforms) = preSolution
		Debug|Any CPU = Debug|Any CPU
		Release|Any CPU = Release|Any CPU
	EndGlobalSection
	GlobalSection(ProjectConfigurationPlatforms) = postSolution
		{F692BECF-F748-4EB2-BC0E-0399429DEA4A}.Debug|Any CPU.ActiveCfg = Debug|Any CPU
		{F692BECF-F748-4EB2-BC0E-0399429DEA4A}.Debug|Any CPU.Build.0 = Debug|Any CPU
		{F692BECF-F748-4EB2-BC0E-0399429DEA4A}.Release|Any CPU.ActiveCfg = Release|Any CPU
		{F692BECF-F748-4EB2-BC0E-0399429DEA4A}.Release|Any CPU.Build.0 = Release|Any CPU
		{33E56E10-5D0E-4276-9328-02CC9173FAC4}.Debug|Any CPU.ActiveCfg = Debug|Any CPU
		{33E56E10-5D0E-4276-9328-02CC9173FAC4}.Debug|Any CPU.Build.0 = Debug|Any CPU
		{33E56E10-5D0E-4276-9328-02CC9173FAC4}.Release|Any CPU.ActiveCfg = Release|Any CPU
		{33E56E10-5D0E-4276-9328-02CC9173FAC4}.Release|Any CPU.Build.0 = Release|Any CPU
		{8187597F-4486-4436-BCDF-8B1B413CFA5F}.Debug|Any CPU.ActiveCfg = Debug|Any CPU
		{8187597F-4486-4436-BCDF-8B1B413CFA5F}.Debug|Any CPU.Build.0 = Debug|Any CPU
		{8187597F-4486-4436-BCDF-8B1B413CFA5F}.Release|Any CPU.ActiveCfg = Release|Any CPU
		{8187597F-4486-4436-BCDF-8B1B413CFA5F}.Release|Any CPU.Build.0 = Release|Any CPU
		{AA2C70A1-41C3-4F43-9881-23B0BC6F15F4}.Debug|Any CPU.ActiveCfg = Debug|Any CPU
		{AA2C70A1-41C3-4F43-9881-23B0BC6F15F4}.Debug|Any CPU.Build.0 = Debug|Any CPU
		{AA2C70A1-41C3-4F43-9881-23B0BC6F15F4}.Release|Any CPU.ActiveCfg = Release|Any CPU
		{AA2C70A1-41C3-4F43-9881-23B0BC6F15F4}.Release|Any CPU.Build.0 = Release|Any CPU
		{3D1B3643-FF4D-4B3F-A64A-1F1C4BF0CC92}.Debug|Any CPU.ActiveCfg = Debug|Any CPU
		{3D1B3643-FF4D-4B3F-A64A-1F1C4BF0CC92}.Debug|Any CPU.Build.0 = Debug|Any CPU
		{3D1B3643-FF4D-4B3F-A64A-1F1C4BF0CC92}.Release|Any CPU.ActiveCfg = Release|Any CPU
		{3D1B3643-FF4D-4B3F-A64A-1F1C4BF0CC92}.Release|Any CPU.Build.0 = Release|Any CPU
	EndGlobalSection
	GlobalSection(SolutionProperties) = preSolution
		HideSolutionNode = FALSE
	EndGlobalSection
	GlobalSection(ExtensibilityGlobals) = postSolution
		SolutionGuid = {730F1828-1A96-4009-A96F-8B25C1BA4235}
	EndGlobalSection
EndGlobal
